
Microsoft Visual Studio Solution File, Format Version 12.00
# Visual Studio Version 16
VisualStudioVersion = 16.0.29403.142
MinimumVisualStudioVersion = 10.0.40219.1
Project("{FAE04EC0-301F-11D3-BF4B-00C04F79EFBC}") = "IotHouseHub", "IotHouseHub\IotHouseHub.csproj", "{1627B6DC-2CB8-4F35-863B-3C4365E7F487}"
EndProject
Project("{FAE04EC0-301F-11D3-BF4B-00C04F79EFBC}") = "IOTDeviceListener", "IOTDeviceListener\IOTDeviceListener.csproj", "{3E9A2460-E182-4998-B1FC-4EAA4C646571}"
EndProject
Project("{FAE04EC0-301F-11D3-BF4B-00C04F79EFBC}") = "IOTDevice.Models", "IOTDevice.Models\IOTDevice.Models.csproj", "{75820DB6-C81F-4E9A-9A10-6E32748C382E}"
EndProject
Project("{FAE04EC0-301F-11D3-BF4B-00C04F79EFBC}") = "HouseHubMobile.UWP", "HouseHubMobile\HouseHubMobile.UWP\HouseHubMobile.UWP.csproj", "{FD3A492A-4F68-40A8-A5B7-FA17CF742CC7}"
EndProject
Project("{FAE04EC0-301F-11D3-BF4B-00C04F79EFBC}") = "HouseHubMobile.Android", "HouseHubMobile\HouseHubMobile.Android\HouseHubMobile.Android.csproj", "{9081D5B7-DA6E-4A76-AE8A-905E0C3C0968}"
EndProject
Project("{FAE04EC0-301F-11D3-BF4B-00C04F79EFBC}") = "HouseHubMobile.iOS", "HouseHubMobile\HouseHubMobile.iOS\HouseHubMobile.iOS.csproj", "{1B697BEA-5278-4755-BFDA-DDAD0093B3D2}"
EndProject
Project("{FAE04EC0-301F-11D3-BF4B-00C04F79EFBC}") = "HouseHubMobile", "HouseHubMobile\HouseHubMobile\HouseHubMobile.csproj", "{29B84C9E-BF23-4783-A0F1-6E7F973846C2}"
EndProject
Project("{2150E333-8FDC-42A3-9474-1A3956D46DE8}") = "Mobile", "Mobile", "{E51D01EF-D255-433D-80FE-CB25CC8B8E4D}"
EndProject
Project("{2150E333-8FDC-42A3-9474-1A3956D46DE8}") = "API", "API", "{7FB0D8E0-B990-4F2A-9374-B855C5F3A14B}"
EndProject
Project("{2150E333-8FDC-42A3-9474-1A3956D46DE8}") = "IOT", "IOT", "{D4DC23EB-CD02-422D-9DD9-10C0FFE8F180}"
EndProject
Global
	GlobalSection(SolutionConfigurationPlatforms) = preSolution
		Debug|Any CPU = Debug|Any CPU
		Debug|ARM = Debug|ARM
		Debug|iPhone = Debug|iPhone
		Debug|iPhoneSimulator = Debug|iPhoneSimulator
		Debug|x64 = Debug|x64
		Debug|x86 = Debug|x86
		Release|Any CPU = Release|Any CPU
		Release|ARM = Release|ARM
		Release|iPhone = Release|iPhone
		Release|iPhoneSimulator = Release|iPhoneSimulator
		Release|x64 = Release|x64
		Release|x86 = Release|x86
	EndGlobalSection
	GlobalSection(ProjectConfigurationPlatforms) = postSolution
		{1627B6DC-2CB8-4F35-863B-3C4365E7F487}.Debug|Any CPU.ActiveCfg = Debug|Any CPU
		{1627B6DC-2CB8-4F35-863B-3C4365E7F487}.Debug|Any CPU.Build.0 = Debug|Any CPU
		{1627B6DC-2CB8-4F35-863B-3C4365E7F487}.Debug|ARM.ActiveCfg = Debug|Any CPU
		{1627B6DC-2CB8-4F35-863B-3C4365E7F487}.Debug|ARM.Build.0 = Debug|Any CPU
		{1627B6DC-2CB8-4F35-863B-3C4365E7F487}.Debug|iPhone.ActiveCfg = Debug|Any CPU
		{1627B6DC-2CB8-4F35-863B-3C4365E7F487}.Debug|iPhone.Build.0 = Debug|Any CPU
		{1627B6DC-2CB8-4F35-863B-3C4365E7F487}.Debug|iPhoneSimulator.ActiveCfg = Debug|Any CPU
		{1627B6DC-2CB8-4F35-863B-3C4365E7F487}.Debug|iPhoneSimulator.Build.0 = Debug|Any CPU
		{1627B6DC-2CB8-4F35-863B-3C4365E7F487}.Debug|x64.ActiveCfg = Debug|Any CPU
		{1627B6DC-2CB8-4F35-863B-3C4365E7F487}.Debug|x64.Build.0 = Debug|Any CPU
		{1627B6DC-2CB8-4F35-863B-3C4365E7F487}.Debug|x86.ActiveCfg = Debug|Any CPU
		{1627B6DC-2CB8-4F35-863B-3C4365E7F487}.Debug|x86.Build.0 = Debug|Any CPU
		{1627B6DC-2CB8-4F35-863B-3C4365E7F487}.Release|Any CPU.ActiveCfg = Release|Any CPU
		{1627B6DC-2CB8-4F35-863B-3C4365E7F487}.Release|Any CPU.Build.0 = Release|Any CPU
		{1627B6DC-2CB8-4F35-863B-3C4365E7F487}.Release|ARM.ActiveCfg = Release|Any CPU
		{1627B6DC-2CB8-4F35-863B-3C4365E7F487}.Release|ARM.Build.0 = Release|Any CPU
		{1627B6DC-2CB8-4F35-863B-3C4365E7F487}.Release|iPhone.ActiveCfg = Release|Any CPU
		{1627B6DC-2CB8-4F35-863B-3C4365E7F487}.Release|iPhone.Build.0 = Release|Any CPU
		{1627B6DC-2CB8-4F35-863B-3C4365E7F487}.Release|iPhoneSimulator.ActiveCfg = Release|Any CPU
		{1627B6DC-2CB8-4F35-863B-3C4365E7F487}.Release|iPhoneSimulator.Build.0 = Release|Any CPU
		{1627B6DC-2CB8-4F35-863B-3C4365E7F487}.Release|x64.ActiveCfg = Release|Any CPU
		{1627B6DC-2CB8-4F35-863B-3C4365E7F487}.Release|x64.Build.0 = Release|Any CPU
		{1627B6DC-2CB8-4F35-863B-3C4365E7F487}.Release|x86.ActiveCfg = Release|Any CPU
		{1627B6DC-2CB8-4F35-863B-3C4365E7F487}.Release|x86.Build.0 = Release|Any CPU
		{3E9A2460-E182-4998-B1FC-4EAA4C646571}.Debug|Any CPU.ActiveCfg = Debug|Any CPU
		{3E9A2460-E182-4998-B1FC-4EAA4C646571}.Debug|Any CPU.Build.0 = Debug|Any CPU
		{3E9A2460-E182-4998-B1FC-4EAA4C646571}.Debug|ARM.ActiveCfg = Debug|Any CPU
		{3E9A2460-E182-4998-B1FC-4EAA4C646571}.Debug|ARM.Build.0 = Debug|Any CPU
		{3E9A2460-E182-4998-B1FC-4EAA4C646571}.Debug|iPhone.ActiveCfg = Debug|Any CPU
		{3E9A2460-E182-4998-B1FC-4EAA4C646571}.Debug|iPhone.Build.0 = Debug|Any CPU
		{3E9A2460-E182-4998-B1FC-4EAA4C646571}.Debug|iPhoneSimulator.ActiveCfg = Debug|Any CPU
		{3E9A2460-E182-4998-B1FC-4EAA4C646571}.Debug|iPhoneSimulator.Build.0 = Debug|Any CPU
		{3E9A2460-E182-4998-B1FC-4EAA4C646571}.Debug|x64.ActiveCfg = Debug|Any CPU
		{3E9A2460-E182-4998-B1FC-4EAA4C646571}.Debug|x64.Build.0 = Debug|Any CPU
		{3E9A2460-E182-4998-B1FC-4EAA4C646571}.Debug|x86.ActiveCfg = Debug|Any CPU
		{3E9A2460-E182-4998-B1FC-4EAA4C646571}.Debug|x86.Build.0 = Debug|Any CPU
		{3E9A2460-E182-4998-B1FC-4EAA4C646571}.Release|Any CPU.ActiveCfg = Release|Any CPU
		{3E9A2460-E182-4998-B1FC-4EAA4C646571}.Release|Any CPU.Build.0 = Release|Any CPU
		{3E9A2460-E182-4998-B1FC-4EAA4C646571}.Release|ARM.ActiveCfg = Release|Any CPU
		{3E9A2460-E182-4998-B1FC-4EAA4C646571}.Release|ARM.Build.0 = Release|Any CPU
		{3E9A2460-E182-4998-B1FC-4EAA4C646571}.Release|iPhone.ActiveCfg = Release|Any CPU
		{3E9A2460-E182-4998-B1FC-4EAA4C646571}.Release|iPhone.Build.0 = Release|Any CPU
		{3E9A2460-E182-4998-B1FC-4EAA4C646571}.Release|iPhoneSimulator.ActiveCfg = Release|Any CPU
		{3E9A2460-E182-4998-B1FC-4EAA4C646571}.Release|iPhoneSimulator.Build.0 = Release|Any CPU
		{3E9A2460-E182-4998-B1FC-4EAA4C646571}.Release|x64.ActiveCfg = Release|Any CPU
		{3E9A2460-E182-4998-B1FC-4EAA4C646571}.Release|x64.Build.0 = Release|Any CPU
		{3E9A2460-E182-4998-B1FC-4EAA4C646571}.Release|x86.ActiveCfg = Release|Any CPU
		{3E9A2460-E182-4998-B1FC-4EAA4C646571}.Release|x86.Build.0 = Release|Any CPU
		{75820DB6-C81F-4E9A-9A10-6E32748C382E}.Debug|Any CPU.ActiveCfg = Debug|Any CPU
		{75820DB6-C81F-4E9A-9A10-6E32748C382E}.Debug|Any CPU.Build.0 = Debug|Any CPU
		{75820DB6-C81F-4E9A-9A10-6E32748C382E}.Debug|ARM.ActiveCfg = Debug|Any CPU
		{75820DB6-C81F-4E9A-9A10-6E32748C382E}.Debug|ARM.Build.0 = Debug|Any CPU
		{75820DB6-C81F-4E9A-9A10-6E32748C382E}.Debug|iPhone.ActiveCfg = Debug|Any CPU
		{75820DB6-C81F-4E9A-9A10-6E32748C382E}.Debug|iPhone.Build.0 = Debug|Any CPU
		{75820DB6-C81F-4E9A-9A10-6E32748C382E}.Debug|iPhoneSimulator.ActiveCfg = Debug|Any CPU
		{75820DB6-C81F-4E9A-9A10-6E32748C382E}.Debug|iPhoneSimulator.Build.0 = Debug|Any CPU
		{75820DB6-C81F-4E9A-9A10-6E32748C382E}.Debug|x64.ActiveCfg = Debug|Any CPU
		{75820DB6-C81F-4E9A-9A10-6E32748C382E}.Debug|x64.Build.0 = Debug|Any CPU
		{75820DB6-C81F-4E9A-9A10-6E32748C382E}.Debug|x86.ActiveCfg = Debug|Any CPU
		{75820DB6-C81F-4E9A-9A10-6E32748C382E}.Debug|x86.Build.0 = Debug|Any CPU
		{75820DB6-C81F-4E9A-9A10-6E32748C382E}.Release|Any CPU.ActiveCfg = Release|Any CPU
		{75820DB6-C81F-4E9A-9A10-6E32748C382E}.Release|Any CPU.Build.0 = Release|Any CPU
		{75820DB6-C81F-4E9A-9A10-6E32748C382E}.Release|ARM.ActiveCfg = Release|Any CPU
		{75820DB6-C81F-4E9A-9A10-6E32748C382E}.Release|ARM.Build.0 = Release|Any CPU
		{75820DB6-C81F-4E9A-9A10-6E32748C382E}.Release|iPhone.ActiveCfg = Release|Any CPU
		{75820DB6-C81F-4E9A-9A10-6E32748C382E}.Release|iPhone.Build.0 = Release|Any CPU
		{75820DB6-C81F-4E9A-9A10-6E32748C382E}.Release|iPhoneSimulator.ActiveCfg = Release|Any CPU
		{75820DB6-C81F-4E9A-9A10-6E32748C382E}.Release|iPhoneSimulator.Build.0 = Release|Any CPU
		{75820DB6-C81F-4E9A-9A10-6E32748C382E}.Release|x64.ActiveCfg = Release|Any CPU
		{75820DB6-C81F-4E9A-9A10-6E32748C382E}.Release|x64.Build.0 = Release|Any CPU
		{75820DB6-C81F-4E9A-9A10-6E32748C382E}.Release|x86.ActiveCfg = Release|Any CPU
		{75820DB6-C81F-4E9A-9A10-6E32748C382E}.Release|x86.Build.0 = Release|Any CPU
		{FD3A492A-4F68-40A8-A5B7-FA17CF742CC7}.Debug|Any CPU.ActiveCfg = Debug|x86
		{FD3A492A-4F68-40A8-A5B7-FA17CF742CC7}.Debug|ARM.ActiveCfg = Debug|ARM
		{FD3A492A-4F68-40A8-A5B7-FA17CF742CC7}.Debug|ARM.Build.0 = Debug|ARM
		{FD3A492A-4F68-40A8-A5B7-FA17CF742CC7}.Debug|ARM.Deploy.0 = Debug|ARM
		{FD3A492A-4F68-40A8-A5B7-FA17CF742CC7}.Debug|iPhone.ActiveCfg = Debug|x86
		{FD3A492A-4F68-40A8-A5B7-FA17CF742CC7}.Debug|iPhoneSimulator.ActiveCfg = Debug|x86
		{FD3A492A-4F68-40A8-A5B7-FA17CF742CC7}.Debug|x64.ActiveCfg = Debug|x64
		{FD3A492A-4F68-40A8-A5B7-FA17CF742CC7}.Debug|x64.Build.0 = Debug|x64
		{FD3A492A-4F68-40A8-A5B7-FA17CF742CC7}.Debug|x64.Deploy.0 = Debug|x64
		{FD3A492A-4F68-40A8-A5B7-FA17CF742CC7}.Debug|x86.ActiveCfg = Debug|x86
		{FD3A492A-4F68-40A8-A5B7-FA17CF742CC7}.Debug|x86.Build.0 = Debug|x86
		{FD3A492A-4F68-40A8-A5B7-FA17CF742CC7}.Debug|x86.Deploy.0 = Debug|x86
		{FD3A492A-4F68-40A8-A5B7-FA17CF742CC7}.Release|Any CPU.ActiveCfg = Release|x86
		{FD3A492A-4F68-40A8-A5B7-FA17CF742CC7}.Release|ARM.ActiveCfg = Release|ARM
		{FD3A492A-4F68-40A8-A5B7-FA17CF742CC7}.Release|ARM.Build.0 = Release|ARM
		{FD3A492A-4F68-40A8-A5B7-FA17CF742CC7}.Release|ARM.Deploy.0 = Release|ARM
		{FD3A492A-4F68-40A8-A5B7-FA17CF742CC7}.Release|iPhone.ActiveCfg = Release|x86
		{FD3A492A-4F68-40A8-A5B7-FA17CF742CC7}.Release|iPhoneSimulator.ActiveCfg = Release|x86
		{FD3A492A-4F68-40A8-A5B7-FA17CF742CC7}.Release|x64.ActiveCfg = Release|x64
		{FD3A492A-4F68-40A8-A5B7-FA17CF742CC7}.Release|x64.Build.0 = Release|x64
		{FD3A492A-4F68-40A8-A5B7-FA17CF742CC7}.Release|x64.Deploy.0 = Release|x64
		{FD3A492A-4F68-40A8-A5B7-FA17CF742CC7}.Release|x86.ActiveCfg = Release|x86
		{FD3A492A-4F68-40A8-A5B7-FA17CF742CC7}.Release|x86.Build.0 = Release|x86
		{FD3A492A-4F68-40A8-A5B7-FA17CF742CC7}.Release|x86.Deploy.0 = Release|x86
		{9081D5B7-DA6E-4A76-AE8A-905E0C3C0968}.Debug|Any CPU.ActiveCfg = Debug|Any CPU
		{9081D5B7-DA6E-4A76-AE8A-905E0C3C0968}.Debug|Any CPU.Build.0 = Debug|Any CPU
		{9081D5B7-DA6E-4A76-AE8A-905E0C3C0968}.Debug|Any CPU.Deploy.0 = Debug|Any CPU
		{9081D5B7-DA6E-4A76-AE8A-905E0C3C0968}.Debug|ARM.ActiveCfg = Debug|Any CPU
		{9081D5B7-DA6E-4A76-AE8A-905E0C3C0968}.Debug|ARM.Build.0 = Debug|Any CPU
		{9081D5B7-DA6E-4A76-AE8A-905E0C3C0968}.Debug|ARM.Deploy.0 = Debug|Any CPU
		{9081D5B7-DA6E-4A76-AE8A-905E0C3C0968}.Debug|iPhone.ActiveCfg = Debug|Any CPU
		{9081D5B7-DA6E-4A76-AE8A-905E0C3C0968}.Debug|iPhone.Build.0 = Debug|Any CPU
		{9081D5B7-DA6E-4A76-AE8A-905E0C3C0968}.Debug|iPhone.Deploy.0 = Debug|Any CPU
		{9081D5B7-DA6E-4A76-AE8A-905E0C3C0968}.Debug|iPhoneSimulator.ActiveCfg = Debug|Any CPU
		{9081D5B7-DA6E-4A76-AE8A-905E0C3C0968}.Debug|iPhoneSimulator.Build.0 = Debug|Any CPU
		{9081D5B7-DA6E-4A76-AE8A-905E0C3C0968}.Debug|iPhoneSimulator.Deploy.0 = Debug|Any CPU
		{9081D5B7-DA6E-4A76-AE8A-905E0C3C0968}.Debug|x64.ActiveCfg = Debug|Any CPU
		{9081D5B7-DA6E-4A76-AE8A-905E0C3C0968}.Debug|x64.Build.0 = Debug|Any CPU
		{9081D5B7-DA6E-4A76-AE8A-905E0C3C0968}.Debug|x64.Deploy.0 = Debug|Any CPU
		{9081D5B7-DA6E-4A76-AE8A-905E0C3C0968}.Debug|x86.ActiveCfg = Debug|Any CPU
		{9081D5B7-DA6E-4A76-AE8A-905E0C3C0968}.Debug|x86.Build.0 = Debug|Any CPU
		{9081D5B7-DA6E-4A76-AE8A-905E0C3C0968}.Debug|x86.Deploy.0 = Debug|Any CPU
		{9081D5B7-DA6E-4A76-AE8A-905E0C3C0968}.Release|Any CPU.ActiveCfg = Release|Any CPU
		{9081D5B7-DA6E-4A76-AE8A-905E0C3C0968}.Release|Any CPU.Build.0 = Release|Any CPU
		{9081D5B7-DA6E-4A76-AE8A-905E0C3C0968}.Release|Any CPU.Deploy.0 = Release|Any CPU
		{9081D5B7-DA6E-4A76-AE8A-905E0C3C0968}.Release|ARM.ActiveCfg = Release|Any CPU
		{9081D5B7-DA6E-4A76-AE8A-905E0C3C0968}.Release|ARM.Build.0 = Release|Any CPU
		{9081D5B7-DA6E-4A76-AE8A-905E0C3C0968}.Release|ARM.Deploy.0 = Release|Any CPU
		{9081D5B7-DA6E-4A76-AE8A-905E0C3C0968}.Release|iPhone.ActiveCfg = Release|Any CPU
		{9081D5B7-DA6E-4A76-AE8A-905E0C3C0968}.Release|iPhone.Build.0 = Release|Any CPU
		{9081D5B7-DA6E-4A76-AE8A-905E0C3C0968}.Release|iPhone.Deploy.0 = Release|Any CPU
		{9081D5B7-DA6E-4A76-AE8A-905E0C3C0968}.Release|iPhoneSimulator.ActiveCfg = Release|Any CPU
		{9081D5B7-DA6E-4A76-AE8A-905E0C3C0968}.Release|iPhoneSimulator.Build.0 = Release|Any CPU
		{9081D5B7-DA6E-4A76-AE8A-905E0C3C0968}.Release|iPhoneSimulator.Deploy.0 = Release|Any CPU
		{9081D5B7-DA6E-4A76-AE8A-905E0C3C0968}.Release|x64.ActiveCfg = Release|Any CPU
		{9081D5B7-DA6E-4A76-AE8A-905E0C3C0968}.Release|x64.Build.0 = Release|Any CPU
		{9081D5B7-DA6E-4A76-AE8A-905E0C3C0968}.Release|x64.Deploy.0 = Release|Any CPU
		{9081D5B7-DA6E-4A76-AE8A-905E0C3C0968}.Release|x86.ActiveCfg = Release|Any CPU
		{9081D5B7-DA6E-4A76-AE8A-905E0C3C0968}.Release|x86.Build.0 = Release|Any CPU
		{9081D5B7-DA6E-4A76-AE8A-905E0C3C0968}.Release|x86.Deploy.0 = Release|Any CPU
		{1B697BEA-5278-4755-BFDA-DDAD0093B3D2}.Debug|Any CPU.ActiveCfg = Debug|iPhone
		{1B697BEA-5278-4755-BFDA-DDAD0093B3D2}.Debug|ARM.ActiveCfg = Debug|iPhone
		{1B697BEA-5278-4755-BFDA-DDAD0093B3D2}.Debug|iPhone.ActiveCfg = Debug|iPhone
		{1B697BEA-5278-4755-BFDA-DDAD0093B3D2}.Debug|iPhone.Build.0 = Debug|iPhone
		{1B697BEA-5278-4755-BFDA-DDAD0093B3D2}.Debug|iPhoneSimulator.ActiveCfg = Debug|iPhoneSimulator
		{1B697BEA-5278-4755-BFDA-DDAD0093B3D2}.Debug|iPhoneSimulator.Build.0 = Debug|iPhoneSimulator
		{1B697BEA-5278-4755-BFDA-DDAD0093B3D2}.Debug|x64.ActiveCfg = Debug|iPhone
		{1B697BEA-5278-4755-BFDA-DDAD0093B3D2}.Debug|x86.ActiveCfg = Debug|iPhone
		{1B697BEA-5278-4755-BFDA-DDAD0093B3D2}.Release|Any CPU.ActiveCfg = Release|iPhone
		{1B697BEA-5278-4755-BFDA-DDAD0093B3D2}.Release|ARM.ActiveCfg = Release|iPhone
		{1B697BEA-5278-4755-BFDA-DDAD0093B3D2}.Release|iPhone.ActiveCfg = Release|iPhone
		{1B697BEA-5278-4755-BFDA-DDAD0093B3D2}.Release|iPhone.Build.0 = Release|iPhone
		{1B697BEA-5278-4755-BFDA-DDAD0093B3D2}.Release|iPhoneSimulator.ActiveCfg = Release|iPhoneSimulator
		{1B697BEA-5278-4755-BFDA-DDAD0093B3D2}.Release|iPhoneSimulator.Build.0 = Release|iPhoneSimulator
		{1B697BEA-5278-4755-BFDA-DDAD0093B3D2}.Release|x64.ActiveCfg = Release|iPhone
		{1B697BEA-5278-4755-BFDA-DDAD0093B3D2}.Release|x86.ActiveCfg = Release|iPhone
		{29B84C9E-BF23-4783-A0F1-6E7F973846C2}.Debug|Any CPU.ActiveCfg = Debug|Any CPU
		{29B84C9E-BF23-4783-A0F1-6E7F973846C2}.Debug|Any CPU.Build.0 = Debug|Any CPU
		{29B84C9E-BF23-4783-A0F1-6E7F973846C2}.Debug|ARM.ActiveCfg = Debug|Any CPU
		{29B84C9E-BF23-4783-A0F1-6E7F973846C2}.Debug|ARM.Build.0 = Debug|Any CPU
		{29B84C9E-BF23-4783-A0F1-6E7F973846C2}.Debug|iPhone.ActiveCfg = Debug|Any CPU
		{29B84C9E-BF23-4783-A0F1-6E7F973846C2}.Debug|iPhone.Build.0 = Debug|Any CPU
		{29B84C9E-BF23-4783-A0F1-6E7F973846C2}.Debug|iPhoneSimulator.ActiveCfg = Debug|Any CPU
		{29B84C9E-BF23-4783-A0F1-6E7F973846C2}.Debug|iPhoneSimulator.Build.0 = Debug|Any CPU
		{29B84C9E-BF23-4783-A0F1-6E7F973846C2}.Debug|x64.ActiveCfg = Debug|Any CPU
		{29B84C9E-BF23-4783-A0F1-6E7F973846C2}.Debug|x64.Build.0 = Debug|Any CPU
		{29B84C9E-BF23-4783-A0F1-6E7F973846C2}.Debug|x86.ActiveCfg = Debug|Any CPU
		{29B84C9E-BF23-4783-A0F1-6E7F973846C2}.Debug|x86.Build.0 = Debug|Any CPU
		{29B84C9E-BF23-4783-A0F1-6E7F973846C2}.Release|Any CPU.ActiveCfg = Release|Any CPU
		{29B84C9E-BF23-4783-A0F1-6E7F973846C2}.Release|Any CPU.Build.0 = Release|Any CPU
		{29B84C9E-BF23-4783-A0F1-6E7F973846C2}.Release|ARM.ActiveCfg = Release|Any CPU
		{29B84C9E-BF23-4783-A0F1-6E7F973846C2}.Release|ARM.Build.0 = Release|Any CPU
		{29B84C9E-BF23-4783-A0F1-6E7F973846C2}.Release|iPhone.ActiveCfg = Release|Any CPU
		{29B84C9E-BF23-4783-A0F1-6E7F973846C2}.Release|iPhone.Build.0 = Release|Any CPU
		{29B84C9E-BF23-4783-A0F1-6E7F973846C2}.Release|iPhoneSimulator.ActiveCfg = Release|Any CPU
		{29B84C9E-BF23-4783-A0F1-6E7F973846C2}.Release|iPhoneSimulator.Build.0 = Release|Any CPU
		{29B84C9E-BF23-4783-A0F1-6E7F973846C2}.Release|x64.ActiveCfg = Release|Any CPU
		{29B84C9E-BF23-4783-A0F1-6E7F973846C2}.Release|x64.Build.0 = Release|Any CPU
		{29B84C9E-BF23-4783-A0F1-6E7F973846C2}.Release|x86.ActiveCfg = Release|Any CPU
		{29B84C9E-BF23-4783-A0F1-6E7F973846C2}.Release|x86.Build.0 = Release|Any CPU
	EndGlobalSection
	GlobalSection(SolutionProperties) = preSolution
		HideSolutionNode = FALSE
	EndGlobalSection
	GlobalSection(NestedProjects) = preSolution
		{1627B6DC-2CB8-4F35-863B-3C4365E7F487} = {7FB0D8E0-B990-4F2A-9374-B855C5F3A14B}
		{3E9A2460-E182-4998-B1FC-4EAA4C646571} = {D4DC23EB-CD02-422D-9DD9-10C0FFE8F180}
		{FD3A492A-4F68-40A8-A5B7-FA17CF742CC7} = {E51D01EF-D255-433D-80FE-CB25CC8B8E4D}
		{9081D5B7-DA6E-4A76-AE8A-905E0C3C0968} = {E51D01EF-D255-433D-80FE-CB25CC8B8E4D}
		{1B697BEA-5278-4755-BFDA-DDAD0093B3D2} = {E51D01EF-D255-433D-80FE-CB25CC8B8E4D}
		{29B84C9E-BF23-4783-A0F1-6E7F973846C2} = {E51D01EF-D255-433D-80FE-CB25CC8B8E4D}
	EndGlobalSection
	GlobalSection(ExtensibilityGlobals) = postSolution
		SolutionGuid = {B3482F3C-D25A-4C18-8F8D-53F352F46677}
	EndGlobalSection
EndGlobal
